
Microsoft Visual Studio Solution File, Format Version 12.00
# Visual Studio Version 16
VisualStudioVersion = 16.0.31424.327
MinimumVisualStudioVersion = 10.0.40219.1
Project("{FAE04EC0-301F-11D3-BF4B-00C04F79EFBC}") = "Book_Application", "Book_Application.csproj", "{31CBCFFC-C766-4031-B00C-A36ACB4D652A}"
EndProject
Global
	GlobalSection(SolutionConfigurationPlatforms) = preSolution
		Debug|Any CPU = Debug|Any CPU
		Release|Any CPU = Release|Any CPU
	EndGlobalSection
	GlobalSection(ProjectConfigurationPlatforms) = postSolution
		{31CBCFFC-C766-4031-B00C-A36ACB4D652A}.Debug|Any CPU.ActiveCfg = Debug|Any CPU
		{31CBCFFC-C766-4031-B00C-A36ACB4D652A}.Debug|Any CPU.Build.0 = Debug|Any CPU
		{31CBCFFC-C766-4031-B00C-A36ACB4D652A}.Release|Any CPU.ActiveCfg = Release|Any CPU
		{31CBCFFC-C766-4031-B00C-A36ACB4D652A}.Release|Any CPU.Build.0 = Release|Any CPU
	EndGlobalSection
	GlobalSection(SolutionProperties) = preSolution
		HideSolutionNode = FALSE
	EndGlobalSection
	GlobalSection(ExtensibilityGlobals) = postSolution
		SolutionGuid = {4DB3E00D-E378-4E05-BA74-4F33DCF6BDCC}
	EndGlobalSection
EndGlobal
